
Microsoft Visual Studio Solution File, Format Version 12.00
# Visual Studio Version 16
VisualStudioVersion = 16.0.30804.86
MinimumVisualStudioVersion = 10.0.40219.1
Project("{FAE04EC0-301F-11D3-BF4B-00C04F79EFBC}") = "Eniato", "Eniato\Eniato.csproj", "{F5DBA2BD-C1CF-4778-A023-F5C8836D4CCC}"
EndProject
Global
	GlobalSection(SolutionConfigurationPlatforms) = preSolution
		Debug|Any CPU = Debug|Any CPU
		Release|Any CPU = Release|Any CPU
	EndGlobalSection
	GlobalSection(ProjectConfigurationPlatforms) = postSolution
		{F5DBA2BD-C1CF-4778-A023-F5C8836D4CCC}.Debug|Any CPU.ActiveCfg = Debug|Any CPU
		{F5DBA2BD-C1CF-4778-A023-F5C8836D4CCC}.Debug|Any CPU.Build.0 = Debug|Any CPU
		{F5DBA2BD-C1CF-4778-A023-F5C8836D4CCC}.Release|Any CPU.ActiveCfg = Release|Any CPU
		{F5DBA2BD-C1CF-4778-A023-F5C8836D4CCC}.Release|Any CPU.Build.0 = Release|Any CPU
	EndGlobalSection
	GlobalSection(SolutionProperties) = preSolution
		HideSolutionNode = FALSE
	EndGlobalSection
	GlobalSection(ExtensibilityGlobals) = postSolution
		SolutionGuid = {38127E55-C145-468B-94BC-A827659397CC}
	EndGlobalSection
EndGlobal
